<?xml version="1.0" encoding="utf-8"?>
<Project ToolsVersion="4.0" xmlns="http://schemas.microsoft.com/developer/msbuild/2003">
  <ItemGroup>
    <Filter Include="Demo">
      <UniqueIdentifier>{6e484ddd-80d0-4d68-8cf3-4e333147442a}</UniqueIdentifier>
    </Filter>
    <Filter Include="ZFX">
      <UniqueIdentifier>{96cc33b0-ec61-4ced-a622-c378dca9e872}</UniqueIdentifier>
    </Filter>
    <Filter Include="ZFX\include">
      <UniqueIdentifier>{229d188c-37e2-4365-a832-d54d876c50cd}</UniqueIdentifier>
    </Filter>
    <Filter Include="ZFX\src">
      <UniqueIdentifier>{88de63b7-35ae-4391-a80f-a2a2975c4d6c}</UniqueIdentifier>
    </Filter>
  </ItemGroup>
  <ItemGroup>
    <ClCompile Include="..\..\ZFX\src\Mesh.cpp">
      <Filter>ZFX\src</Filter>
    </ClCompile>
    <ClCompile Include="..\..\ZFX\src\Window.cpp">
      <Filter>ZFX\src</Filter>
    </ClCompile>
    <ClCompile Include="..\..\ZFX\src\Shader.cpp">
      <Filter>ZFX\src</Filter>
    </ClCompile>
    <ClCompile Include="..\..\ZFX\src\Texture.cpp">
      <Filter>ZFX\src</Filter>
    </ClCompile>
    <ClCompile Include="..\..\Demo\main.cpp">
      <Filter>Demo</Filter>
    </ClCompile>
    <ClCompile Include="..\..\Demo\Demo.hpp">
      <Filter>Demo</Filter>
    </ClCompile>
    <ClCompile Include="..\..\ZFX\src\TextFreetype.cpp">
      <Filter>ZFX\src</Filter>
    </ClCompile>
    <ClCompile Include="..\..\ZFX\src\Vertex.cpp">
      <Filter>ZFX\src</Filter>
    </ClCompile>
    <ClCompile Include="..\..\Demo\Constants.cpp">
      <Filter>Demo</Filter>
    </ClCompile>
  </ItemGroup>
  <ItemGroup>
    <ClInclude Include="..\..\ZFX\include\Mesh.h">
      <Filter>ZFX\include</Filter>
    </ClInclude>
    <ClInclude Include="..\..\ZFX\include\Window.h">
      <Filter>ZFX\include</Filter>
    </ClInclude>
    <ClInclude Include="..\..\ZFX\include\zfxdefs.h">
      <Filter>ZFX\include</Filter>
    </ClInclude>
    <ClInclude Include="..\..\ZFX\ZFX.h">
      <Filter>ZFX</Filter>
    </ClInclude>
    <ClInclude Include="..\..\ZFX\include\Shader.h">
      <Filter>ZFX\include</Filter>
    </ClInclude>
    <ClInclude Include="..\..\ZFX\include\Camera.h">
      <Filter>ZFX\include</Filter>
    </ClInclude>
    <ClInclude Include="..\..\ZFX\include\Transform.h">
      <Filter>ZFX\include</Filter>
    </ClInclude>
    <ClInclude Include="..\..\ZFX\include\Texture.h">
      <Filter>ZFX\include</Filter>
    </ClInclude>
    <ClInclude Include="..\..\ZFX\include\stb_image.h">
      <Filter>ZFX\include</Filter>
    </ClInclude>
    <ClInclude Include="..\..\Demo\Demo1_Triangles.hpp">
      <Filter>Demo</Filter>
    </ClInclude>
    <ClInclude Include="..\..\Demo\Demo2_Square.hpp">
      <Filter>Demo</Filter>
    </ClInclude>
    <ClInclude Include="..\..\ZFX\include\TextFreetype.h">
      <Filter>ZFX\include</Filter>
    </ClInclude>
    <ClInclude Include="..\..\Demo\Demo3_Text_Freetype.hpp">
      <Filter>Demo</Filter>
    </ClInclude>
    <ClInclude Include="..\..\ZFX\include\Vertex.h">
      <Filter>ZFX\include</Filter>
    </ClInclude>
    <ClInclude Include="..\..\Demo\Constants.h">
      <Filter>Demo</Filter>
    </ClInclude>
  </ItemGroup>
</Project>